
Microsoft Visual Studio Solution File, Format Version 12.00
# Visual Studio 14
VisualStudioVersion = 14.0.24720.0
MinimumVisualStudioVersion = 10.0.40219.1
Project("{2150E333-8FDC-42A3-9474-1A3956D46DE8}") = "src", "src", "{A9F43FA3-5342-4114-A8DF-7E3894070C64}"
EndProject
Project("{2150E333-8FDC-42A3-9474-1A3956D46DE8}") = "Solution Items", "Solution Items", "{EFA5F87E-2509-4644-9476-3F4BF1B2CBFD}"
	ProjectSection(SolutionItems) = preProject
		global.json = global.json
	EndProjectSection
EndProject
Project("{8BB2217D-0F2D-49D1-97BC-3654ED321F3B}") = "RedisCacheExample", "src\RedisCacheExample\RedisCacheExample.xproj", "{0A3A845B-1AA2-44C9-88FB-BBE507C01CB2}"
EndProject
Global
	GlobalSection(SolutionConfigurationPlatforms) = preSolution
		Debug|Any CPU = Debug|Any CPU
		Release|Any CPU = Release|Any CPU
	EndGlobalSection
	GlobalSection(ProjectConfigurationPlatforms) = postSolution
		{0A3A845B-1AA2-44C9-88FB-BBE507C01CB2}.Debug|Any CPU.ActiveCfg = Debug|Any CPU
		{0A3A845B-1AA2-44C9-88FB-BBE507C01CB2}.Debug|Any CPU.Build.0 = Debug|Any CPU
		{0A3A845B-1AA2-44C9-88FB-BBE507C01CB2}.Release|Any CPU.ActiveCfg = Release|Any CPU
		{0A3A845B-1AA2-44C9-88FB-BBE507C01CB2}.Release|Any CPU.Build.0 = Release|Any CPU
	EndGlobalSection
	GlobalSection(SolutionProperties) = preSolution
		HideSolutionNode = FALSE
	EndGlobalSection
	GlobalSection(NestedProjects) = preSolution
		{0A3A845B-1AA2-44C9-88FB-BBE507C01CB2} = {A9F43FA3-5342-4114-A8DF-7E3894070C64}
	EndGlobalSection
EndGlobal
